
Microsoft Visual Studio Solution File, Format Version 12.00
# Visual Studio Version 16
VisualStudioVersion = 16.0.31129.286
MinimumVisualStudioVersion = 10.0.40219.1
Project("{FAE04EC0-301F-11D3-BF4B-00C04F79EFBC}") = "SuperComprobador_PRO", "SuperComprobador\SuperComprobador_PRO.csproj", "{1BC71D4C-0782-4AB6-8E07-8246A5CBCF52}"
EndProject
Project("{F184B08F-C81C-45F6-A57F-5ABD9991F28F}") = "CheckCCC", "CheckCCC\CheckCCC.vbproj", "{E0C9C694-70E9-4E6D-A119-280FF0FBC0DD}"
EndProject
Project("{FAE04EC0-301F-11D3-BF4B-00C04F79EFBC}") = "IbanLibraryPCL", "IbanLibraryPCL\IbanLibraryPCL.csproj", "{13BA97DE-B311-4EAC-B7B7-6437BCA6A204}"
EndProject
Project("{FAE04EC0-301F-11D3-BF4B-00C04F79EFBC}") = "SuperComrprobador_UWP", "SuperComrprobador_UWP\SuperComrprobador_UWP.csproj", "{099A4297-4B2D-4DCC-A7E2-CCDF0C6E60F5}"
EndProject
Project("{9A19103F-16F7-4668-BE54-9A1E7A4F7556}") = "SuperComrprobador_UWP.Core", "SuperComrprobador_UWP.Core\SuperComrprobador_UWP.Core.csproj", "{9FDA88D5-9FF2-40AC-87E0-955E87878BF7}"
EndProject
Global
	GlobalSection(SolutionConfigurationPlatforms) = preSolution
		Debug|Any CPU = Debug|Any CPU
		Debug|ARM = Debug|ARM
		Debug|ARM64 = Debug|ARM64
		Debug|x64 = Debug|x64
		Debug|x86 = Debug|x86
		Release|Any CPU = Release|Any CPU
		Release|ARM = Release|ARM
		Release|ARM64 = Release|ARM64
		Release|x64 = Release|x64
		Release|x86 = Release|x86
	EndGlobalSection
	GlobalSection(ProjectConfigurationPlatforms) = postSolution
		{1BC71D4C-0782-4AB6-8E07-8246A5CBCF52}.Debug|Any CPU.ActiveCfg = Debug|Any CPU
		{1BC71D4C-0782-4AB6-8E07-8246A5CBCF52}.Debug|Any CPU.Build.0 = Debug|Any CPU
		{1BC71D4C-0782-4AB6-8E07-8246A5CBCF52}.Debug|Any CPU.Deploy.0 = Debug|Any CPU
		{1BC71D4C-0782-4AB6-8E07-8246A5CBCF52}.Debug|ARM.ActiveCfg = Debug|ARM
		{1BC71D4C-0782-4AB6-8E07-8246A5CBCF52}.Debug|ARM.Build.0 = Debug|ARM
		{1BC71D4C-0782-4AB6-8E07-8246A5CBCF52}.Debug|ARM.Deploy.0 = Debug|ARM
		{1BC71D4C-0782-4AB6-8E07-8246A5CBCF52}.Debug|ARM64.ActiveCfg = Debug|Any CPU
		{1BC71D4C-0782-4AB6-8E07-8246A5CBCF52}.Debug|x64.ActiveCfg = Debug|x64
		{1BC71D4C-0782-4AB6-8E07-8246A5CBCF52}.Debug|x64.Build.0 = Debug|x64
		{1BC71D4C-0782-4AB6-8E07-8246A5CBCF52}.Debug|x64.Deploy.0 = Debug|x64
		{1BC71D4C-0782-4AB6-8E07-8246A5CBCF52}.Debug|x86.ActiveCfg = Debug|x86
		{1BC71D4C-0782-4AB6-8E07-8246A5CBCF52}.Debug|x86.Build.0 = Debug|x86
		{1BC71D4C-0782-4AB6-8E07-8246A5CBCF52}.Debug|x86.Deploy.0 = Debug|x86
		{1BC71D4C-0782-4AB6-8E07-8246A5CBCF52}.Release|Any CPU.ActiveCfg = Release|Any CPU
		{1BC71D4C-0782-4AB6-8E07-8246A5CBCF52}.Release|Any CPU.Build.0 = Release|Any CPU
		{1BC71D4C-0782-4AB6-8E07-8246A5CBCF52}.Release|Any CPU.Deploy.0 = Release|Any CPU
		{1BC71D4C-0782-4AB6-8E07-8246A5CBCF52}.Release|ARM.ActiveCfg = Release|ARM
		{1BC71D4C-0782-4AB6-8E07-8246A5CBCF52}.Release|ARM.Build.0 = Release|ARM
		{1BC71D4C-0782-4AB6-8E07-8246A5CBCF52}.Release|ARM.Deploy.0 = Release|ARM
		{1BC71D4C-0782-4AB6-8E07-8246A5CBCF52}.Release|ARM64.ActiveCfg = Release|Any CPU
		{1BC71D4C-0782-4AB6-8E07-8246A5CBCF52}.Release|x64.ActiveCfg = Release|x64
		{1BC71D4C-0782-4AB6-8E07-8246A5CBCF52}.Release|x64.Build.0 = Release|x64
		{1BC71D4C-0782-4AB6-8E07-8246A5CBCF52}.Release|x64.Deploy.0 = Release|x64
		{1BC71D4C-0782-4AB6-8E07-8246A5CBCF52}.Release|x86.ActiveCfg = Release|x86
		{1BC71D4C-0782-4AB6-8E07-8246A5CBCF52}.Release|x86.Build.0 = Release|x86
		{1BC71D4C-0782-4AB6-8E07-8246A5CBCF52}.Release|x86.Deploy.0 = Release|x86
		{E0C9C694-70E9-4E6D-A119-280FF0FBC0DD}.Debug|Any CPU.ActiveCfg = Debug|Any CPU
		{E0C9C694-70E9-4E6D-A119-280FF0FBC0DD}.Debug|Any CPU.Build.0 = Debug|Any CPU
		{E0C9C694-70E9-4E6D-A119-280FF0FBC0DD}.Debug|ARM.ActiveCfg = Debug|Any CPU
		{E0C9C694-70E9-4E6D-A119-280FF0FBC0DD}.Debug|ARM64.ActiveCfg = Debug|Any CPU
		{E0C9C694-70E9-4E6D-A119-280FF0FBC0DD}.Debug|ARM64.Build.0 = Debug|Any CPU
		{E0C9C694-70E9-4E6D-A119-280FF0FBC0DD}.Debug|x64.ActiveCfg = Debug|Any CPU
		{E0C9C694-70E9-4E6D-A119-280FF0FBC0DD}.Debug|x86.ActiveCfg = Debug|Any CPU
		{E0C9C694-70E9-4E6D-A119-280FF0FBC0DD}.Release|Any CPU.ActiveCfg = Release|Any CPU
		{E0C9C694-70E9-4E6D-A119-280FF0FBC0DD}.Release|Any CPU.Build.0 = Release|Any CPU
		{E0C9C694-70E9-4E6D-A119-280FF0FBC0DD}.Release|ARM.ActiveCfg = Release|Any CPU
		{E0C9C694-70E9-4E6D-A119-280FF0FBC0DD}.Release|ARM64.ActiveCfg = Release|Any CPU
		{E0C9C694-70E9-4E6D-A119-280FF0FBC0DD}.Release|ARM64.Build.0 = Release|Any CPU
		{E0C9C694-70E9-4E6D-A119-280FF0FBC0DD}.Release|x64.ActiveCfg = Release|Any CPU
		{E0C9C694-70E9-4E6D-A119-280FF0FBC0DD}.Release|x86.ActiveCfg = Release|Any CPU
		{13BA97DE-B311-4EAC-B7B7-6437BCA6A204}.Debug|Any CPU.ActiveCfg = Debug|Any CPU
		{13BA97DE-B311-4EAC-B7B7-6437BCA6A204}.Debug|Any CPU.Build.0 = Debug|Any CPU
		{13BA97DE-B311-4EAC-B7B7-6437BCA6A204}.Debug|ARM.ActiveCfg = Debug|Any CPU
		{13BA97DE-B311-4EAC-B7B7-6437BCA6A204}.Debug|ARM64.ActiveCfg = Debug|Any CPU
		{13BA97DE-B311-4EAC-B7B7-6437BCA6A204}.Debug|ARM64.Build.0 = Debug|Any CPU
		{13BA97DE-B311-4EAC-B7B7-6437BCA6A204}.Debug|x64.ActiveCfg = Debug|Any CPU
		{13BA97DE-B311-4EAC-B7B7-6437BCA6A204}.Debug|x86.ActiveCfg = Debug|Any CPU
		{13BA97DE-B311-4EAC-B7B7-6437BCA6A204}.Release|Any CPU.ActiveCfg = Release|Any CPU
		{13BA97DE-B311-4EAC-B7B7-6437BCA6A204}.Release|Any CPU.Build.0 = Release|Any CPU
		{13BA97DE-B311-4EAC-B7B7-6437BCA6A204}.Release|ARM.ActiveCfg = Release|Any CPU
		{13BA97DE-B311-4EAC-B7B7-6437BCA6A204}.Release|ARM64.ActiveCfg = Release|Any CPU
		{13BA97DE-B311-4EAC-B7B7-6437BCA6A204}.Release|ARM64.Build.0 = Release|Any CPU
		{13BA97DE-B311-4EAC-B7B7-6437BCA6A204}.Release|x64.ActiveCfg = Release|Any CPU
		{13BA97DE-B311-4EAC-B7B7-6437BCA6A204}.Release|x86.ActiveCfg = Release|Any CPU
		{099A4297-4B2D-4DCC-A7E2-CCDF0C6E60F5}.Debug|Any CPU.ActiveCfg = Debug|x86
		{099A4297-4B2D-4DCC-A7E2-CCDF0C6E60F5}.Debug|ARM.ActiveCfg = Debug|ARM
		{099A4297-4B2D-4DCC-A7E2-CCDF0C6E60F5}.Debug|ARM.Build.0 = Debug|ARM
		{099A4297-4B2D-4DCC-A7E2-CCDF0C6E60F5}.Debug|ARM.Deploy.0 = Debug|ARM
		{099A4297-4B2D-4DCC-A7E2-CCDF0C6E60F5}.Debug|ARM64.ActiveCfg = Debug|ARM64
		{099A4297-4B2D-4DCC-A7E2-CCDF0C6E60F5}.Debug|ARM64.Build.0 = Debug|ARM64
		{099A4297-4B2D-4DCC-A7E2-CCDF0C6E60F5}.Debug|ARM64.Deploy.0 = Debug|ARM64
		{099A4297-4B2D-4DCC-A7E2-CCDF0C6E60F5}.Debug|x64.ActiveCfg = Debug|x64
		{099A4297-4B2D-4DCC-A7E2-CCDF0C6E60F5}.Debug|x64.Build.0 = Debug|x64
		{099A4297-4B2D-4DCC-A7E2-CCDF0C6E60F5}.Debug|x64.Deploy.0 = Debug|x64
		{099A4297-4B2D-4DCC-A7E2-CCDF0C6E60F5}.Debug|x86.ActiveCfg = Debug|x86
		{099A4297-4B2D-4DCC-A7E2-CCDF0C6E60F5}.Debug|x86.Build.0 = Debug|x86
		{099A4297-4B2D-4DCC-A7E2-CCDF0C6E60F5}.Debug|x86.Deploy.0 = Debug|x86
		{099A4297-4B2D-4DCC-A7E2-CCDF0C6E60F5}.Release|Any CPU.ActiveCfg = Release|x86
		{099A4297-4B2D-4DCC-A7E2-CCDF0C6E60F5}.Release|ARM.ActiveCfg = Release|ARM
		{099A4297-4B2D-4DCC-A7E2-CCDF0C6E60F5}.Release|ARM.Build.0 = Release|ARM
		{099A4297-4B2D-4DCC-A7E2-CCDF0C6E60F5}.Release|ARM.Deploy.0 = Release|ARM
		{099A4297-4B2D-4DCC-A7E2-CCDF0C6E60F5}.Release|ARM64.ActiveCfg = Release|ARM64
		{099A4297-4B2D-4DCC-A7E2-CCDF0C6E60F5}.Release|ARM64.Build.0 = Release|ARM64
		{099A4297-4B2D-4DCC-A7E2-CCDF0C6E60F5}.Release|ARM64.Deploy.0 = Release|ARM64
		{099A4297-4B2D-4DCC-A7E2-CCDF0C6E60F5}.Release|x64.ActiveCfg = Release|x64
		{099A4297-4B2D-4DCC-A7E2-CCDF0C6E60F5}.Release|x64.Build.0 = Release|x64
		{099A4297-4B2D-4DCC-A7E2-CCDF0C6E60F5}.Release|x64.Deploy.0 = Release|x64
		{099A4297-4B2D-4DCC-A7E2-CCDF0C6E60F5}.Release|x86.ActiveCfg = Release|x86
		{099A4297-4B2D-4DCC-A7E2-CCDF0C6E60F5}.Release|x86.Build.0 = Release|x86
		{099A4297-4B2D-4DCC-A7E2-CCDF0C6E60F5}.Release|x86.Deploy.0 = Release|x86
		{9FDA88D5-9FF2-40AC-87E0-955E87878BF7}.Debug|Any CPU.ActiveCfg = Debug|Any CPU
		{9FDA88D5-9FF2-40AC-87E0-955E87878BF7}.Debug|Any CPU.Build.0 = Debug|Any CPU
		{9FDA88D5-9FF2-40AC-87E0-955E87878BF7}.Debug|ARM.ActiveCfg = Debug|Any CPU
		{9FDA88D5-9FF2-40AC-87E0-955E87878BF7}.Debug|ARM.Build.0 = Debug|Any CPU
		{9FDA88D5-9FF2-40AC-87E0-955E87878BF7}.Debug|ARM64.ActiveCfg = Debug|Any CPU
		{9FDA88D5-9FF2-40AC-87E0-955E87878BF7}.Debug|ARM64.Build.0 = Debug|Any CPU
		{9FDA88D5-9FF2-40AC-87E0-955E87878BF7}.Debug|x64.ActiveCfg = Debug|Any CPU
		{9FDA88D5-9FF2-40AC-87E0-955E87878BF7}.Debug|x64.Build.0 = Debug|Any CPU
		{9FDA88D5-9FF2-40AC-87E0-955E87878BF7}.Debug|x86.ActiveCfg = Debug|Any CPU
		{9FDA88D5-9FF2-40AC-87E0-955E87878BF7}.Debug|x86.Build.0 = Debug|Any CPU
		{9FDA88D5-9FF2-40AC-87E0-955E87878BF7}.Release|Any CPU.ActiveCfg = Release|Any CPU
		{9FDA88D5-9FF2-40AC-87E0-955E87878BF7}.Release|Any CPU.Build.0 = Release|Any CPU
		{9FDA88D5-9FF2-40AC-87E0-955E87878BF7}.Release|ARM.ActiveCfg = Release|Any CPU
		{9FDA88D5-9FF2-40AC-87E0-955E87878BF7}.Release|ARM.Build.0 = Release|Any CPU
		{9FDA88D5-9FF2-40AC-87E0-955E87878BF7}.Release|ARM64.ActiveCfg = Release|Any CPU
		{9FDA88D5-9FF2-40AC-87E0-955E87878BF7}.Release|ARM64.Build.0 = Release|Any CPU
		{9FDA88D5-9FF2-40AC-87E0-955E87878BF7}.Release|x64.ActiveCfg = Release|Any CPU
		{9FDA88D5-9FF2-40AC-87E0-955E87878BF7}.Release|x64.Build.0 = Release|Any CPU
		{9FDA88D5-9FF2-40AC-87E0-955E87878BF7}.Release|x86.ActiveCfg = Release|Any CPU
		{9FDA88D5-9FF2-40AC-87E0-955E87878BF7}.Release|x86.Build.0 = Release|Any CPU
	EndGlobalSection
	GlobalSection(SolutionProperties) = preSolution
		HideSolutionNode = FALSE
	EndGlobalSection
	GlobalSection(ExtensibilityGlobals) = postSolution
		SolutionGuid = {DD712B20-69C7-4913-ADD6-609F173B6B47}
	EndGlobalSection
EndGlobal
